
Microsoft Visual Studio Solution File, Format Version 12.00
# Visual Studio Version 17
VisualStudioVersion = 17.14.37628.2
MinimumVisualStudioVersion = 10.0.40219.1
Project("{FAE04EC0-301F-11D3-BF4B-00C04F79EFBC}") = "ValueType_ReferenceType", "ValueType_ReferenceType\ValueType_ReferenceType.csproj", "{CAAB6BCC-DA16-4243-B692-EF1D7EE45D3F}"
EndProject
Project("{FAE04EC0-301F-11D3-BF4B-00C04F79EFBC}") = "Generics_Demo", "Generics_Demo\Generics_Demo.csproj", "{DA220962-8DB7-4A9D-AA2E-1C05CD72D7D8}"
EndProject
Project("{FAE04EC0-301F-11D3-BF4B-00C04F79EFBC}") = "LINQ & Lambda", "LINQ & Lambda\LINQ & Lambda.csproj", "{301BED7C-9420-405C-81D1-AF3399CA52EF}"
EndProject
Project("{FAE04EC0-301F-11D3-BF4B-00C04F79EFBC}") = "Entity Framework Core", "Entity Framework Core\Entity Framework Core.csproj", "{31DB16D8-863A-45C0-BCED-60900B8CBBDB}"
EndProject
Project("{FAE04EC0-301F-11D3-BF4B-00C04F79EFBC}") = "OOP_Practice", "OOP_Practice\OOP_Practice.csproj", "{653212EE-CF1D-4DFB-9DFB-F83C867D2B19}"
EndProject
Project("{FAE04EC0-301F-11D3-BF4B-00C04F79EFBC}") = "Collections", "Collections\Collections.csproj", "{3BF29AC1-F560-42E6-8260-3D352913D489}"
EndProject
Project("{FAE04EC0-301F-11D3-BF4B-00C04F79EFBC}") = "EF_DEMO", "EF_DEMO\EF_DEMO.csproj", "{7091C145-AEA0-4923-9CA8-B835B456C25E}"
EndProject
Project("{FAE04EC0-301F-11D3-BF4B-00C04F79EFBC}") = "Middleware_Demo", "Middleware_Demo\Middleware_Demo.csproj", "{87167418-2D84-4847-9A3B-9846D6E11320}"
EndProject
Global
	GlobalSection(SolutionConfigurationPlatforms) = preSolution
		Debug|Any CPU = Debug|Any CPU
		Release|Any CPU = Release|Any CPU
	EndGlobalSection
	GlobalSection(ProjectConfigurationPlatforms) = postSolution
		{CAAB6BCC-DA16-4243-B692-EF1D7EE45D3F}.Debug|Any CPU.ActiveCfg = Debug|Any CPU
		{CAAB6BCC-DA16-4243-B692-EF1D7EE45D3F}.Debug|Any CPU.Build.0 = Debug|Any CPU
		{CAAB6BCC-DA16-4243-B692-EF1D7EE45D3F}.Release|Any CPU.ActiveCfg = Release|Any CPU
		{CAAB6BCC-DA16-4243-B692-EF1D7EE45D3F}.Release|Any CPU.Build.0 = Release|Any CPU
		{DA220962-8DB7-4A9D-AA2E-1C05CD72D7D8}.Debug|Any CPU.ActiveCfg = Debug|Any CPU
		{DA220962-8DB7-4A9D-AA2E-1C05CD72D7D8}.Debug|Any CPU.Build.0 = Debug|Any CPU
		{DA220962-8DB7-4A9D-AA2E-1C05CD72D7D8}.Release|Any CPU.ActiveCfg = Release|Any CPU
		{DA220962-8DB7-4A9D-AA2E-1C05CD72D7D8}.Release|Any CPU.Build.0 = Release|Any CPU
		{301BED7C-9420-405C-81D1-AF3399CA52EF}.Debug|Any CPU.ActiveCfg = Debug|Any CPU
		{301BED7C-9420-405C-81D1-AF3399CA52EF}.Debug|Any CPU.Build.0 = Debug|Any CPU
		{301BED7C-9420-405C-81D1-AF3399CA52EF}.Release|Any CPU.ActiveCfg = Release|Any CPU
		{301BED7C-9420-405C-81D1-AF3399CA52EF}.Release|Any CPU.Build.0 = Release|Any CPU
		{31DB16D8-863A-45C0-BCED-60900B8CBBDB}.Debug|Any CPU.ActiveCfg = Debug|Any CPU
		{31DB16D8-863A-45C0-BCED-60900B8CBBDB}.Debug|Any CPU.Build.0 = Debug|Any CPU
		{31DB16D8-863A-45C0-BCED-60900B8CBBDB}.Release|Any CPU.ActiveCfg = Release|Any CPU
		{31DB16D8-863A-45C0-BCED-60900B8CBBDB}.Release|Any CPU.Build.0 = Release|Any CPU
		{653212EE-CF1D-4DFB-9DFB-F83C867D2B19}.Debug|Any CPU.ActiveCfg = Debug|Any CPU
		{653212EE-CF1D-4DFB-9DFB-F83C867D2B19}.Debug|Any CPU.Build.0 = Debug|Any CPU
		{653212EE-CF1D-4DFB-9DFB-F83C867D2B19}.Release|Any CPU.ActiveCfg = Release|Any CPU
		{653212EE-CF1D-4DFB-9DFB-F83C867D2B19}.Release|Any CPU.Build.0 = Release|Any CPU
		{3BF29AC1-F560-42E6-8260-3D352913D489}.Debug|Any CPU.ActiveCfg = Debug|Any CPU
		{3BF29AC1-F560-42E6-8260-3D352913D489}.Debug|Any CPU.Build.0 = Debug|Any CPU
		{3BF29AC1-F560-42E6-8260-3D352913D489}.Release|Any CPU.ActiveCfg = Release|Any CPU
		{3BF29AC1-F560-42E6-8260-3D352913D489}.Release|Any CPU.Build.0 = Release|Any CPU
		{7091C145-AEA0-4923-9CA8-B835B456C25E}.Debug|Any CPU.ActiveCfg = Debug|Any CPU
		{7091C145-AEA0-4923-9CA8-B835B456C25E}.Debug|Any CPU.Build.0 = Debug|Any CPU
		{7091C145-AEA0-4923-9CA8-B835B456C25E}.Release|Any CPU.ActiveCfg = Release|Any CPU
		{7091C145-AEA0-4923-9CA8-B835B456C25E}.Release|Any CPU.Build.0 = Release|Any CPU
		{87167418-2D84-4847-9A3B-9846D6E11320}.Debug|Any CPU.ActiveCfg = Debug|Any CPU
		{87167418-2D84-4847-9A3B-9846D6E11320}.Debug|Any CPU.Build.0 = Debug|Any CPU
		{87167418-2D84-4847-9A3B-9846D6E11320}.Release|Any CPU.ActiveCfg = Release|Any CPU
		{87167418-2D84-4847-9A3B-9846D6E11320}.Release|Any CPU.Build.0 = Release|Any CPU
	EndGlobalSection
	GlobalSection(SolutionProperties) = preSolution
		HideSolutionNode = FALSE
	EndGlobalSection
	GlobalSection(ExtensibilityGlobals) = postSolution
		SolutionGuid = {AB4FD301-2447-44D2-9CD3-D015E1AE3C08}
	EndGlobalSection
EndGlobal
